
Microsoft Visual Studio Solution File, Format Version 12.00
# Visual Studio 15
Project("{FAE04EC0-301F-11D3-BF4B-00C04F79EFBC}") = "IDS6938_FinalProject_Unity", "IDS6938_FinalProject_Unity.csproj", "{89CBCD6C-3A8F-8A3A-29D2-7FB62F0A546C}"
EndProject
Project("{FAE04EC0-301F-11D3-BF4B-00C04F79EFBC}") = "IDS6938_FinalProject_Unity.Editor", "IDS6938_FinalProject_Unity.Editor.csproj", "{BEEC2E38-4156-8E9E-970B-10D033195AAF}"
EndProject
Global
	GlobalSection(SolutionConfigurationPlatforms) = preSolution
		Debug|Any CPU = Debug|Any CPU
		Release|Any CPU = Release|Any CPU
	EndGlobalSection
	GlobalSection(ProjectConfigurationPlatforms) = postSolution
		{89CBCD6C-3A8F-8A3A-29D2-7FB62F0A546C}.Debug|Any CPU.ActiveCfg = Debug|Any CPU
		{89CBCD6C-3A8F-8A3A-29D2-7FB62F0A546C}.Debug|Any CPU.Build.0 = Debug|Any CPU
		{89CBCD6C-3A8F-8A3A-29D2-7FB62F0A546C}.Release|Any CPU.ActiveCfg = Release|Any CPU
		{89CBCD6C-3A8F-8A3A-29D2-7FB62F0A546C}.Release|Any CPU.Build.0 = Release|Any CPU
		{BEEC2E38-4156-8E9E-970B-10D033195AAF}.Debug|Any CPU.ActiveCfg = Debug|Any CPU
		{BEEC2E38-4156-8E9E-970B-10D033195AAF}.Debug|Any CPU.Build.0 = Debug|Any CPU
		{BEEC2E38-4156-8E9E-970B-10D033195AAF}.Release|Any CPU.ActiveCfg = Release|Any CPU
		{BEEC2E38-4156-8E9E-970B-10D033195AAF}.Release|Any CPU.Build.0 = Release|Any CPU
	EndGlobalSection
	GlobalSection(SolutionProperties) = preSolution
		HideSolutionNode = FALSE
	EndGlobalSection
EndGlobal
